Microsoft Visual Studio Solution File, Format Version 11.00
# Visual Studio 2010
Project("{8BC9CEB8-8B4A-11D0-8D11-00A0C91BC942}") = "Engine", "Engine.vcxproj", "{954999CC-DC25-44FB-997F-5250FD07CA34}"
EndProject
Project("{8BC9CEB8-8B4A-11D0-8D11-00A0C91BC942}") = "XercesLib", "..\..\..\..\External\xerces-c-3.1.1\projects\Win32\VC10\xerces-all\XercesLib\XercesLib.vcxproj", "{152CE948-F659-4206-A50A-1D2B9658EF96}"
EndProject
Project("{8BC9CEB8-8B4A-11D0-8D11-00A0C91BC942}") = "Logger", "..\..\..\..\Apps\Logger\Logger\Logger.vcxproj", "{775B9AAD-01C7-412F-B0D1-B106BA2EB751}"
EndProject
Global
	GlobalSection(SolutionConfigurationPlatforms) = preSolution
		Debug Test|Win32 = Debug Test|Win32
		Debug Test|x64 = Debug Test|x64
		Debug|Win32 = Debug|Win32
		Debug|x64 = Debug|x64
		Release|Win32 = Release|Win32
		Release|x64 = Release|x64
		Static Debug|Win32 = Static Debug|Win32
		Static Debug|x64 = Static Debug|x64
		Static Release|Win32 = Static Release|Win32
		Static Release|x64 = Static Release|x64
	EndGlobalSection
	GlobalSection(ProjectConfigurationPlatforms) = postSolution
		{954999CC-DC25-44FB-997F-5250FD07CA34}.Debug Test|Win32.ActiveCfg = Debug Test|Win32
		{954999CC-DC25-44FB-997F-5250FD07CA34}.Debug Test|Win32.Build.0 = Debug Test|Win32
		{954999CC-DC25-44FB-997F-5250FD07CA34}.Debug Test|x64.ActiveCfg = Debug Test|Win32
		{954999CC-DC25-44FB-997F-5250FD07CA34}.Debug|Win32.ActiveCfg = Debug|Win32
		{954999CC-DC25-44FB-997F-5250FD07CA34}.Debug|Win32.Build.0 = Debug|Win32
		{954999CC-DC25-44FB-997F-5250FD07CA34}.Debug|x64.ActiveCfg = Debug|Win32
		{954999CC-DC25-44FB-997F-5250FD07CA34}.Release|Win32.ActiveCfg = Release|Win32
		{954999CC-DC25-44FB-997F-5250FD07CA34}.Release|Win32.Build.0 = Release|Win32
		{954999CC-DC25-44FB-997F-5250FD07CA34}.Release|x64.ActiveCfg = Release|Win32
		{954999CC-DC25-44FB-997F-5250FD07CA34}.Static Debug|Win32.ActiveCfg = Release|Win32
		{954999CC-DC25-44FB-997F-5250FD07CA34}.Static Debug|Win32.Build.0 = Release|Win32
		{954999CC-DC25-44FB-997F-5250FD07CA34}.Static Debug|x64.ActiveCfg = Debug|Win32
		{954999CC-DC25-44FB-997F-5250FD07CA34}.Static Release|Win32.ActiveCfg = Release|Win32
		{954999CC-DC25-44FB-997F-5250FD07CA34}.Static Release|Win32.Build.0 = Release|Win32
		{954999CC-DC25-44FB-997F-5250FD07CA34}.Static Release|x64.ActiveCfg = Release|Win32
		{152CE948-F659-4206-A50A-1D2B9658EF96}.Debug Test|Win32.ActiveCfg = Debug|Win32
		{152CE948-F659-4206-A50A-1D2B9658EF96}.Debug Test|x64.ActiveCfg = Debug|x64
		{152CE948-F659-4206-A50A-1D2B9658EF96}.Debug Test|x64.Build.0 = Debug|x64
		{152CE948-F659-4206-A50A-1D2B9658EF96}.Debug|Win32.ActiveCfg = Debug|Win32
		{152CE948-F659-4206-A50A-1D2B9658EF96}.Debug|x64.ActiveCfg = Debug|x64
		{152CE948-F659-4206-A50A-1D2B9658EF96}.Debug|x64.Build.0 = Debug|x64
		{152CE948-F659-4206-A50A-1D2B9658EF96}.Release|Win32.ActiveCfg = Release|Win32
		{152CE948-F659-4206-A50A-1D2B9658EF96}.Release|x64.ActiveCfg = Release|x64
		{152CE948-F659-4206-A50A-1D2B9658EF96}.Release|x64.Build.0 = Release|x64
		{152CE948-F659-4206-A50A-1D2B9658EF96}.Static Debug|Win32.ActiveCfg = Release|Win32
		{152CE948-F659-4206-A50A-1D2B9658EF96}.Static Debug|x64.ActiveCfg = Static Debug|x64
		{152CE948-F659-4206-A50A-1D2B9658EF96}.Static Debug|x64.Build.0 = Static Debug|x64
		{152CE948-F659-4206-A50A-1D2B9658EF96}.Static Release|Win32.ActiveCfg = Release|Win32
		{152CE948-F659-4206-A50A-1D2B9658EF96}.Static Release|x64.ActiveCfg = Static Release|x64
		{152CE948-F659-4206-A50A-1D2B9658EF96}.Static Release|x64.Build.0 = Static Release|x64
		{775B9AAD-01C7-412F-B0D1-B106BA2EB751}.Debug Test|Win32.ActiveCfg = Debug|Win32
		{775B9AAD-01C7-412F-B0D1-B106BA2EB751}.Debug Test|Win32.Build.0 = Debug|Win32
		{775B9AAD-01C7-412F-B0D1-B106BA2EB751}.Debug Test|x64.ActiveCfg = Debug|Win32
		{775B9AAD-01C7-412F-B0D1-B106BA2EB751}.Debug|Win32.ActiveCfg = Debug|Win32
		{775B9AAD-01C7-412F-B0D1-B106BA2EB751}.Debug|Win32.Build.0 = Debug|Win32
		{775B9AAD-01C7-412F-B0D1-B106BA2EB751}.Debug|x64.ActiveCfg = Debug|Win32
		{775B9AAD-01C7-412F-B0D1-B106BA2EB751}.Release|Win32.ActiveCfg = Release|Win32
		{775B9AAD-01C7-412F-B0D1-B106BA2EB751}.Release|Win32.Build.0 = Release|Win32
		{775B9AAD-01C7-412F-B0D1-B106BA2EB751}.Release|x64.ActiveCfg = Release|Win32
		{775B9AAD-01C7-412F-B0D1-B106BA2EB751}.Static Debug|Win32.ActiveCfg = Release|Win32
		{775B9AAD-01C7-412F-B0D1-B106BA2EB751}.Static Debug|Win32.Build.0 = Release|Win32
		{775B9AAD-01C7-412F-B0D1-B106BA2EB751}.Static Debug|x64.ActiveCfg = Debug|Win32
		{775B9AAD-01C7-412F-B0D1-B106BA2EB751}.Static Release|Win32.ActiveCfg = Release|Win32
		{775B9AAD-01C7-412F-B0D1-B106BA2EB751}.Static Release|Win32.Build.0 = Release|Win32
		{775B9AAD-01C7-412F-B0D1-B106BA2EB751}.Static Release|x64.ActiveCfg = Release|Win32
	EndGlobalSection
	GlobalSection(SolutionProperties) = preSolution
		HideSolutionNode = FALSE
	EndGlobalSection
EndGlobal
